
Microsoft Visual Studio Solution File, Format Version 12.00
# Visual Studio Version 17
VisualStudioVersion = 17.0.31903.59
MinimumVisualStudioVersion = 10.0.40219.1
Project("{FAE04EC0-301F-11D3-BF4B-00C04F79EFBC}") = "Knossos.NET", "Knossos.NET\Knossos.NET.csproj", "{F3F1597F-ACE6-4F50-B6B5-54E938464C9F}"
EndProject
Global
	GlobalSection(SolutionConfigurationPlatforms) = preSolution
		Debug|Any CPU = Debug|Any CPU
		Release|Any CPU = Release|Any CPU
	EndGlobalSection
	GlobalSection(ProjectConfigurationPlatforms) = postSolution
		{F3F1597F-ACE6-4F50-B6B5-54E938464C9F}.Debug|Any CPU.ActiveCfg = Debug|Any CPU
		{F3F1597F-ACE6-4F50-B6B5-54E938464C9F}.Debug|Any CPU.Build.0 = Debug|Any CPU
		{F3F1597F-ACE6-4F50-B6B5-54E938464C9F}.Release|Any CPU.ActiveCfg = Release|Any CPU
		{F3F1597F-ACE6-4F50-B6B5-54E938464C9F}.Release|Any CPU.Build.0 = Release|Any CPU
	EndGlobalSection
	GlobalSection(SolutionProperties) = preSolution
		HideSolutionNode = FALSE
	EndGlobalSection
	GlobalSection(ExtensibilityGlobals) = postSolution
		SolutionGuid = {FFF17335-FBD8-4396-BE4C-05D7627FF684}
	EndGlobalSection
EndGlobal
